github.com/shawnyeager/tangerine-theme v0.0.0-20251218175556-e5b8c90c6661 h1:SHbhZ6NVxS+iXOhgytxnlSjG+GJdFa2DM125sLEySY4=
github.com/shawnyeager/tangerine-theme v0.0.0-20251218175556-e5b8c90c6661/go.mod h1:oI7/pq79iSOuNOgNXsUxKLxrb+Ulhm2bAslKpGktFJY=
github.com/shawnyeager/tangerine-theme v0.0.0-20251218180903-917b19da456c h1:VuVH2bJmJdG9ypD/ame6yiYS+rHNwnAeds/YRXaI6ro=
github.com/shawnyeager/tangerine-theme v0.0.0-20251218180903-917b19da456c/go.mod h1:oI7/pq79iSOuNOgNXsUxKLxrb+Ulhm2bAslKpGktFJY=
