github.com/shawnyeager/tangerine-theme v0.0.0-20260128002904-268cc82fe7a6 h1:diNFkkqYYA+ztmQweSKVMh1up3ttyqRFrBCEZ5b6spk=
github.com/shawnyeager/tangerine-theme v0.0.0-20260128002904-268cc82fe7a6/go.mod h1:oI7/pq79iSOuNOgNXsUxKLxrb+Ulhm2bAslKpGktFJY=
github.com/shawnyeager/tangerine-theme v0.0.0-20260128004434-891440c648de h1:UIjARep/7WjaLJtcGlWMGsf+N8t76yM0XRC4/sISD88=
github.com/shawnyeager/tangerine-theme v0.0.0-20260128004434-891440c648de/go.mod h1:oI7/pq79iSOuNOgNXsUxKLxrb+Ulhm2bAslKpGktFJY=
github.com/shawnyeager/tangerine-theme v0.0.0-20260130145623-c43b07cd256a h1:AZuYIaLdc7O7qbbSGdidHm0J8mEae68/81Fq88nLbuw=
github.com/shawnyeager/tangerine-theme v0.0.0-20260130145623-c43b07cd256a/go.mod h1:oI7/pq79iSOuNOgNXsUxKLxrb+Ulhm2bAslKpGktFJY=
github.com/shawnyeager/tangerine-theme v0.0.0-20260130151012-8a3a5ea8d8ae h1:271kH/dFQB99MMMG+gO9aAjgCP2WRK25FJTU5ZjcLVk=
github.com/shawnyeager/tangerine-theme v0.0.0-20260130151012-8a3a5ea8d8ae/go.mod h1:oI7/pq79iSOuNOgNXsUxKLxrb+Ulhm2bAslKpGktFJY=
github.com/shawnyeager/tangerine-theme v0.0.0-20260130154800-cb531d1cd61f h1:Z/SfDzyPqVRooBD/hdr4Zf6fKf2S0cn5kOnrW6LqEZ0=
github.com/shawnyeager/tangerine-theme v0.0.0-20260130154800-cb531d1cd61f/go.mod h1:oI7/pq79iSOuNOgNXsUxKLxrb+Ulhm2bAslKpGktFJY=
github.com/shawnyeager/tangerine-theme v0.0.0-20260130161147-565847c36878 h1:vde/gPBkuVYXFuzmasADrvwF+jy4OVND3JhpqkxBSeU=
github.com/shawnyeager/tangerine-theme v0.0.0-20260130161147-565847c36878/go.mod h1:oI7/pq79iSOuNOgNXsUxKLxrb+Ulhm2bAslKpGktFJY=
github.com/shawnyeager/tangerine-theme v0.0.0-20260130215053-af5c56c74bf3 h1:/WdmKDl44m3cUhtmo3sUu9oOH7VJu/2pJaxPTGVSWeE=
github.com/shawnyeager/tangerine-theme v0.0.0-20260130215053-af5c56c74bf3/go.mod h1:oI7/pq79iSOuNOgNXsUxKLxrb+Ulhm2bAslKpGktFJY=
github.com/shawnyeager/tangerine-theme v0.0.0-20260202154536-56c499eeb365 h1:UPfU+mIarSfrhxP2IBFCBfPfegtGCvb9AETFoF3KYa4=
github.com/shawnyeager/tangerine-theme v0.0.0-20260202154536-56c499eeb365/go.mod h1:oI7/pq79iSOuNOgNXsUxKLxrb+Ulhm2bAslKpGktFJY=
github.com/shawnyeager/tangerine-theme v0.0.0-20260202154727-c9adb9eec74e h1:epPjo09XpQU9cK/PwUknafU/wyHtOW5CPy1unK/UgZM=
github.com/shawnyeager/tangerine-theme v0.0.0-20260202154727-c9adb9eec74e/go.mod h1:oI7/pq79iSOuNOgNXsUxKLxrb+Ulhm2bAslKpGktFJY=
