github.com/shawnyeager/tangerine-theme v0.0.0-20260212203327-ad53145eff6d h1:O2HrVqsep7QpPyHo2leD3z/6Zg/zZ8J9gTnQofNClWg=
github.com/shawnyeager/tangerine-theme v0.0.0-20260212203327-ad53145eff6d/go.mod h1:oI7/pq79iSOuNOgNXsUxKLxrb+Ulhm2bAslKpGktFJY=
github.com/shawnyeager/tangerine-theme v0.0.0-20260214002433-46d1d07af311 h1:SyD0PmhVik1g/ZyWs9vPI3aUpq6pUFkrLZmeM1AHjPc=
github.com/shawnyeager/tangerine-theme v0.0.0-20260214002433-46d1d07af311/go.mod h1:oI7/pq79iSOuNOgNXsUxKLxrb+Ulhm2bAslKpGktFJY=
